<?xml version="1.0" encoding="utf-8"?>
<Project ToolsVersion="4.0" xmlns="http://schemas.microsoft.com/developer/msbuild/2003">
  <ItemGroup>
    <Filter Include="源文件">
      <UniqueIdentifier>{4FC737F1-C7A5-4376-A066-2A32D752A2FF}</UniqueIdentifier>
      <Extensions>cpp;c;cc;cxx;def;odl;idl;hpj;bat;asm;asmx</Extensions>
    </Filter>
    <Filter Include="头文件">
      <UniqueIdentifier>{93995380-89BD-4b04-88EB-625FBE52EBFB}</UniqueIdentifier>
      <Extensions>h;hh;hpp;hxx;hm;inl;inc;xsd</Extensions>
    </Filter>
    <Filter Include="资源文件">
      <UniqueIdentifier>{67DA6AB6-F800-4c08-8B7A-83BB121AAD01}</UniqueIdentifier>
      <Extensions>rc;ico;cur;bmp;dlg;rc2;rct;bin;rgs;gif;jpg;jpeg;jpe;resx;tiff;tif;png;wav;mfcribbon-ms</Extensions>
    </Filter>
    <Filter Include="头文件\3.HelloTexture">
      <UniqueIdentifier>{cb930902-ad3d-4516-8ae8-8e4f08c58e14}</UniqueIdentifier>
    </Filter>
    <Filter Include="头文件\1.HelloTriangle">
      <UniqueIdentifier>{fa38c5f7-b474-4a31-86aa-e0ceafccb1f8}</UniqueIdentifier>
    </Filter>
    <Filter Include="头文件\2.HelloShader">
      <UniqueIdentifier>{9c5e45e9-4f89-42a9-b76f-006c3b1df98e}</UniqueIdentifier>
    </Filter>
    <Filter Include="头文件\4.HelloTransfer">
      <UniqueIdentifier>{fd22e200-a921-443d-ab26-0616fbd78d84}</UniqueIdentifier>
    </Filter>
  </ItemGroup>
  <ItemGroup>
    <ClCompile Include="C:\Users\duoyi\Desktop\CMAKE\src\glad.c">
      <Filter>源文件</Filter>
    </ClCompile>
    <ClCompile Include="main.cpp">
      <Filter>源文件</Filter>
    </ClCompile>
    <ClCompile Include="shader_s.h">
      <Filter>头文件</Filter>
    </ClCompile>
    <ClCompile Include="triangletest.h">
      <Filter>头文件\1.HelloTriangle</Filter>
    </ClCompile>
    <ClCompile Include="stbimg.cpp">
      <Filter>源文件</Filter>
    </ClCompile>
  </ItemGroup>
  <ItemGroup>
    <ClInclude Include="texturetest.h">
      <Filter>头文件\3.HelloTexture</Filter>
    </ClInclude>
    <ClInclude Include="stb_image.h">
      <Filter>头文件</Filter>
    </ClInclude>
    <ClInclude Include="transfertest.h">
      <Filter>头文件\4.HelloTransfer</Filter>
    </ClInclude>
    <ClInclude Include="uniformtest.h">
      <Filter>头文件\2.HelloShader</Filter>
    </ClInclude>
  </ItemGroup>
  <ItemGroup>
    <None Include="shaders\HelloTexture\usetexture.vertex" />
    <None Include="shaders\HelloTexture\usetexture.frag" />
  </ItemGroup>
</Project>